
Microsoft Visual Studio Solution File, Format Version 12.00
# Visual Studio Version 17
VisualStudioVersion = 17.10.35027.167
MinimumVisualStudioVersion = 10.0.40219.1
Project("{FAE04EC0-301F-11D3-BF4B-00C04F79EFBC}") = "WhileLoop", "WhileLoop.csproj", "{B9700537-1FC7-4639-B455-C469FFC00925}"
EndProject
Global
	GlobalSection(SolutionConfigurationPlatforms) = preSolution
		Debug|Any CPU = Debug|Any CPU
		Release|Any CPU = Release|Any CPU
	EndGlobalSection
	GlobalSection(ProjectConfigurationPlatforms) = postSolution
		{B9700537-1FC7-4639-B455-C469FFC00925}.Debug|Any CPU.ActiveCfg = Debug|Any CPU
		{B9700537-1FC7-4639-B455-C469FFC00925}.Debug|Any CPU.Build.0 = Debug|Any CPU
		{B9700537-1FC7-4639-B455-C469FFC00925}.Release|Any CPU.ActiveCfg = Release|Any CPU
		{B9700537-1FC7-4639-B455-C469FFC00925}.Release|Any CPU.Build.0 = Release|Any CPU
	EndGlobalSection
	GlobalSection(SolutionProperties) = preSolution
		HideSolutionNode = FALSE
	EndGlobalSection
	GlobalSection(ExtensibilityGlobals) = postSolution
		SolutionGuid = {883A3AA9-3D57-480E-92E7-4907513D9291}
	EndGlobalSection
EndGlobal
